
Microsoft Visual Studio Solution File, Format Version 12.00
# Visual Studio Version 17
VisualStudioVersion = 17.4.33205.214
MinimumVisualStudioVersion = 10.0.40219.1
Project("{FAE04EC0-301F-11D3-BF4B-00C04F79EFBC}") = "MarkovAlgorithm", "MarkovAlgorithm\MarkovAlgorithm.csproj", "{43FDB84C-1554-482E-8776-73C7BC7BFA26}"
EndProject
Global
	GlobalSection(SolutionConfigurationPlatforms) = preSolution
		Debug|Any CPU = Debug|Any CPU
		Release|Any CPU = Release|Any CPU
	EndGlobalSection
	GlobalSection(ProjectConfigurationPlatforms) = postSolution
		{43FDB84C-1554-482E-8776-73C7BC7BFA26}.Debug|Any CPU.ActiveCfg = Debug|Any CPU
		{43FDB84C-1554-482E-8776-73C7BC7BFA26}.Debug|Any CPU.Build.0 = Debug|Any CPU
		{43FDB84C-1554-482E-8776-73C7BC7BFA26}.Release|Any CPU.ActiveCfg = Release|Any CPU
		{43FDB84C-1554-482E-8776-73C7BC7BFA26}.Release|Any CPU.Build.0 = Release|Any CPU
	EndGlobalSection
	GlobalSection(SolutionProperties) = preSolution
		HideSolutionNode = FALSE
	EndGlobalSection
	GlobalSection(ExtensibilityGlobals) = postSolution
		SolutionGuid = {4D219792-19AA-4F7E-8879-146F455FEF6D}
	EndGlobalSection
EndGlobal
